
Microsoft Visual Studio Solution File, Format Version 12.00
# Visual Studio Version 17
VisualStudioVersion = 17.6.33815.320
MinimumVisualStudioVersion = 10.0.40219.1
Project("{9A19103F-16F7-4668-BE54-9A1E7A4F7556}") = "InMemoryApp.Web", "InMemoryApp.Web\InMemoryApp.Web.csproj", "{29DEDA48-7D1F-415C-9E83-DA5CE831845C}"
EndProject
Project("{9A19103F-16F7-4668-BE54-9A1E7A4F7556}") = "IDistrubutedCacheRedisApp.Web", "IDistrubutedCacheRedisApp.Web\IDistrubutedCacheRedisApp.Web.csproj", "{06C67529-4E73-4D42-831A-F5B34D84965D}"
EndProject
Project("{FAE04EC0-301F-11D3-BF4B-00C04F79EFBC}") = "RedisExchangeAPI.Web", "RedisExchangeAPI.Web\RedisExchangeAPI.Web.csproj", "{93905E82-C9EC-49C3-857D-996104CE2A3B}"
EndProject
Global
	GlobalSection(SolutionConfigurationPlatforms) = preSolution
		Debug|Any CPU = Debug|Any CPU
		Release|Any CPU = Release|Any CPU
	EndGlobalSection
	GlobalSection(ProjectConfigurationPlatforms) = postSolution
		{29DEDA48-7D1F-415C-9E83-DA5CE831845C}.Debug|Any CPU.ActiveCfg = Debug|Any CPU
		{29DEDA48-7D1F-415C-9E83-DA5CE831845C}.Debug|Any CPU.Build.0 = Debug|Any CPU
		{29DEDA48-7D1F-415C-9E83-DA5CE831845C}.Release|Any CPU.ActiveCfg = Release|Any CPU
		{29DEDA48-7D1F-415C-9E83-DA5CE831845C}.Release|Any CPU.Build.0 = Release|Any CPU
		{06C67529-4E73-4D42-831A-F5B34D84965D}.Debug|Any CPU.ActiveCfg = Debug|Any CPU
		{06C67529-4E73-4D42-831A-F5B34D84965D}.Debug|Any CPU.Build.0 = Debug|Any CPU
		{06C67529-4E73-4D42-831A-F5B34D84965D}.Release|Any CPU.ActiveCfg = Release|Any CPU
		{06C67529-4E73-4D42-831A-F5B34D84965D}.Release|Any CPU.Build.0 = Release|Any CPU
		{93905E82-C9EC-49C3-857D-996104CE2A3B}.Debug|Any CPU.ActiveCfg = Debug|Any CPU
		{93905E82-C9EC-49C3-857D-996104CE2A3B}.Debug|Any CPU.Build.0 = Debug|Any CPU
		{93905E82-C9EC-49C3-857D-996104CE2A3B}.Release|Any CPU.ActiveCfg = Release|Any CPU
		{93905E82-C9EC-49C3-857D-996104CE2A3B}.Release|Any CPU.Build.0 = Release|Any CPU
	EndGlobalSection
	GlobalSection(SolutionProperties) = preSolution
		HideSolutionNode = FALSE
	EndGlobalSection
	GlobalSection(ExtensibilityGlobals) = postSolution
		SolutionGuid = {241D213A-0008-4D2B-B92D-A6FBAA0CF055}
	EndGlobalSection
EndGlobal
